
Microsoft Visual Studio Solution File, Format Version 12.00
# Visual Studio Version 17
VisualStudioVersion = 17.0.32112.339
MinimumVisualStudioVersion = 10.0.40219.1
Project("{FAE04EC0-301F-11D3-BF4B-00C04F79EFBC}") = "Estately.Android", "Estately\Estately.Android\Estately.Android.csproj", "{BE72A69E-115D-4D3A-A3E0-4ECD24BA091B}"
EndProject
Project("{FAE04EC0-301F-11D3-BF4B-00C04F79EFBC}") = "Estately.iOS", "Estately\Estately.iOS\Estately.iOS.csproj", "{AF7F007E-2470-4009-84B2-E20C8AF0F099}"
EndProject
Project("{FAE04EC0-301F-11D3-BF4B-00C04F79EFBC}") = "Estately", "Estately\Estately\Estately.csproj", "{B842D920-A852-4D76-9A20-427E9104B168}"
EndProject
Global
	GlobalSection(SolutionConfigurationPlatforms) = preSolution
		Debug|Any CPU = Debug|Any CPU
		Debug|iPhone = Debug|iPhone
		Debug|iPhoneSimulator = Debug|iPhoneSimulator
		Release|Any CPU = Release|Any CPU
		Release|iPhone = Release|iPhone
		Release|iPhoneSimulator = Release|iPhoneSimulator
	EndGlobalSection
	GlobalSection(ProjectConfigurationPlatforms) = postSolution
		{BE72A69E-115D-4D3A-A3E0-4ECD24BA091B}.Debug|Any CPU.ActiveCfg = Debug|Any CPU
		{BE72A69E-115D-4D3A-A3E0-4ECD24BA091B}.Debug|Any CPU.Build.0 = Debug|Any CPU
		{BE72A69E-115D-4D3A-A3E0-4ECD24BA091B}.Debug|Any CPU.Deploy.0 = Debug|Any CPU
		{BE72A69E-115D-4D3A-A3E0-4ECD24BA091B}.Debug|iPhone.ActiveCfg = Debug|Any CPU
		{BE72A69E-115D-4D3A-A3E0-4ECD24BA091B}.Debug|iPhone.Build.0 = Debug|Any CPU
		{BE72A69E-115D-4D3A-A3E0-4ECD24BA091B}.Debug|iPhone.Deploy.0 = Debug|Any CPU
		{BE72A69E-115D-4D3A-A3E0-4ECD24BA091B}.Debug|iPhoneSimulator.ActiveCfg = Debug|Any CPU
		{BE72A69E-115D-4D3A-A3E0-4ECD24BA091B}.Debug|iPhoneSimulator.Build.0 = Debug|Any CPU
		{BE72A69E-115D-4D3A-A3E0-4ECD24BA091B}.Debug|iPhoneSimulator.Deploy.0 = Debug|Any CPU
		{BE72A69E-115D-4D3A-A3E0-4ECD24BA091B}.Release|Any CPU.ActiveCfg = Release|Any CPU
		{BE72A69E-115D-4D3A-A3E0-4ECD24BA091B}.Release|Any CPU.Build.0 = Release|Any CPU
		{BE72A69E-115D-4D3A-A3E0-4ECD24BA091B}.Release|Any CPU.Deploy.0 = Release|Any CPU
		{BE72A69E-115D-4D3A-A3E0-4ECD24BA091B}.Release|iPhone.ActiveCfg = Release|Any CPU
		{BE72A69E-115D-4D3A-A3E0-4ECD24BA091B}.Release|iPhone.Build.0 = Release|Any CPU
		{BE72A69E-115D-4D3A-A3E0-4ECD24BA091B}.Release|iPhone.Deploy.0 = Release|Any CPU
		{BE72A69E-115D-4D3A-A3E0-4ECD24BA091B}.Release|iPhoneSimulator.ActiveCfg = Release|Any CPU
		{BE72A69E-115D-4D3A-A3E0-4ECD24BA091B}.Release|iPhoneSimulator.Build.0 = Release|Any CPU
		{BE72A69E-115D-4D3A-A3E0-4ECD24BA091B}.Release|iPhoneSimulator.Deploy.0 = Release|Any CPU
		{AF7F007E-2470-4009-84B2-E20C8AF0F099}.Debug|Any CPU.ActiveCfg = Debug|iPhone
		{AF7F007E-2470-4009-84B2-E20C8AF0F099}.Debug|Any CPU.Build.0 = Debug|iPhone
		{AF7F007E-2470-4009-84B2-E20C8AF0F099}.Debug|Any CPU.Deploy.0 = Debug|iPhone
		{AF7F007E-2470-4009-84B2-E20C8AF0F099}.Debug|iPhone.ActiveCfg = Debug|iPhone
		{AF7F007E-2470-4009-84B2-E20C8AF0F099}.Debug|iPhone.Build.0 = Debug|iPhone
		{AF7F007E-2470-4009-84B2-E20C8AF0F099}.Debug|iPhone.Deploy.0 = Debug|iPhone
		{AF7F007E-2470-4009-84B2-E20C8AF0F099}.Debug|iPhoneSimulator.ActiveCfg = Debug|iPhoneSimulator
		{AF7F007E-2470-4009-84B2-E20C8AF0F099}.Debug|iPhoneSimulator.Build.0 = Debug|iPhoneSimulator
		{AF7F007E-2470-4009-84B2-E20C8AF0F099}.Debug|iPhoneSimulator.Deploy.0 = Debug|iPhoneSimulator
		{AF7F007E-2470-4009-84B2-E20C8AF0F099}.Release|Any CPU.ActiveCfg = Release|iPhoneSimulator
		{AF7F007E-2470-4009-84B2-E20C8AF0F099}.Release|Any CPU.Build.0 = Release|iPhoneSimulator
		{AF7F007E-2470-4009-84B2-E20C8AF0F099}.Release|Any CPU.Deploy.0 = Release|iPhoneSimulator
		{AF7F007E-2470-4009-84B2-E20C8AF0F099}.Release|iPhone.ActiveCfg = Release|iPhone
		{AF7F007E-2470-4009-84B2-E20C8AF0F099}.Release|iPhone.Build.0 = Release|iPhone
		{AF7F007E-2470-4009-84B2-E20C8AF0F099}.Release|iPhone.Deploy.0 = Release|iPhone
		{AF7F007E-2470-4009-84B2-E20C8AF0F099}.Release|iPhoneSimulator.ActiveCfg = Release|iPhoneSimulator
		{AF7F007E-2470-4009-84B2-E20C8AF0F099}.Release|iPhoneSimulator.Build.0 = Release|iPhoneSimulator
		{AF7F007E-2470-4009-84B2-E20C8AF0F099}.Release|iPhoneSimulator.Deploy.0 = Release|iPhoneSimulator
		{B842D920-A852-4D76-9A20-427E9104B168}.Debug|Any CPU.ActiveCfg = Debug|Any CPU
		{B842D920-A852-4D76-9A20-427E9104B168}.Debug|Any CPU.Build.0 = Debug|Any CPU
		{B842D920-A852-4D76-9A20-427E9104B168}.Debug|Any CPU.Deploy.0 = Debug|Any CPU
		{B842D920-A852-4D76-9A20-427E9104B168}.Debug|iPhone.ActiveCfg = Debug|Any CPU
		{B842D920-A852-4D76-9A20-427E9104B168}.Debug|iPhone.Build.0 = Debug|Any CPU
		{B842D920-A852-4D76-9A20-427E9104B168}.Debug|iPhone.Deploy.0 = Debug|Any CPU
		{B842D920-A852-4D76-9A20-427E9104B168}.Debug|iPhoneSimulator.ActiveCfg = Debug|Any CPU
		{B842D920-A852-4D76-9A20-427E9104B168}.Debug|iPhoneSimulator.Build.0 = Debug|Any CPU
		{B842D920-A852-4D76-9A20-427E9104B168}.Debug|iPhoneSimulator.Deploy.0 = Debug|Any CPU
		{B842D920-A852-4D76-9A20-427E9104B168}.Release|Any CPU.ActiveCfg = Release|Any CPU
		{B842D920-A852-4D76-9A20-427E9104B168}.Release|Any CPU.Build.0 = Release|Any CPU
		{B842D920-A852-4D76-9A20-427E9104B168}.Release|Any CPU.Deploy.0 = Release|Any CPU
		{B842D920-A852-4D76-9A20-427E9104B168}.Release|iPhone.ActiveCfg = Release|Any CPU
		{B842D920-A852-4D76-9A20-427E9104B168}.Release|iPhone.Build.0 = Release|Any CPU
		{B842D920-A852-4D76-9A20-427E9104B168}.Release|iPhone.Deploy.0 = Release|Any CPU
		{B842D920-A852-4D76-9A20-427E9104B168}.Release|iPhoneSimulator.ActiveCfg = Release|Any CPU
		{B842D920-A852-4D76-9A20-427E9104B168}.Release|iPhoneSimulator.Build.0 = Release|Any CPU
		{B842D920-A852-4D76-9A20-427E9104B168}.Release|iPhoneSimulator.Deploy.0 = Release|Any CPU
	EndGlobalSection
	GlobalSection(SolutionProperties) = preSolution
		HideSolutionNode = FALSE
	EndGlobalSection
	GlobalSection(ExtensibilityGlobals) = postSolution
		SolutionGuid = {5A8C04A4-549E-4DFE-B927-FD72B465F724}
	EndGlobalSection
EndGlobal
